{
  "name": "basic-server",
  "version": "1.0.0",
  "lockfileVersion": 2,
  "requires": true,
  "packages": {
    "": {
      "name": "basic-server",
      "version": "1.0.0",
      "license": "ISC",
      "dependencies": {
        "avrasya": "^1.0.11"
      },
      "devDependencies": {
        "typescript": "^5.2.2"
      }
    },
    "node_modules/@types/node": {
      "version": "20.8.7",
      "resolved": "https://registry.npmjs.org/@types/node/-/node-20.8.7.tgz",
      "integrity": "sha512-21TKHHh3eUHIi2MloeptJWALuCu5H7HQTdTrWIFReA8ad+aggoX+lRes3ex7/FtpC+sVUpFMQ+QTfYr74mruiQ==",
      "dependencies": {
        "undici-types": "~5.25.1"
      }
    },
    "node_modules/avrasya": {
      "version": "1.0.11",
      "resolved": "https://registry.npmjs.org/avrasya/-/avrasya-1.0.11.tgz",
      "integrity": "sha512-lBr47FYejXeqqytfX4OhG2BuxjvjoZwsBNMaGmuSjKoJUu77mIX2d3S0txVhN4s33TeBH16POpYiylDSOkQESg==",
      "dependencies": {
        "@types/node": "^20.8.7"
      }
    },
    "node_modules/typescript": {
      "version": "5.2.2",
      "resolved": "https://registry.npmjs.org/typescript/-/typescript-5.2.2.tgz",
      "integrity": "sha512-mI4WrpHsbCIcwT9cF4FZvr80QUeKvsUsUvKDoR+X/7XHQH98xYD8YHZg7ANtz2GtZt/CBq2QJ0thkGJMHfqc1w==",
      "dev": true,
      "bin": {
        "tsc": "bin/tsc",
        "tsserver": "bin/tsserver"
      },
      "engines": {
        "node": ">=14.17"
      }
    },
    "node_modules/undici-types": {
      "version": "5.25.3",
      "resolved": "https://registry.npmjs.org/undici-types/-/undici-types-5.25.3.tgz",
      "integrity": "sha512-Ga1jfYwRn7+cP9v8auvEXN1rX3sWqlayd4HP7OKk4mZWylEmu3KzXDUGrQUN6Ol7qo1gPvB2e5gX6udnyEPgdA=="
    }
  },
  "dependencies": {
    "@types/node": {
      "version": "20.8.7",
      "resolved": "https://registry.npmjs.org/@types/node/-/node-20.8.7.tgz",
      "integrity": "sha512-21TKHHh3eUHIi2MloeptJWALuCu5H7HQTdTrWIFReA8ad+aggoX+lRes3ex7/FtpC+sVUpFMQ+QTfYr74mruiQ==",
      "requires": {
        "undici-types": "~5.25.1"
      }
    },
    "avrasya": {
      "version": "1.0.11",
      "resolved": "https://registry.npmjs.org/avrasya/-/avrasya-1.0.11.tgz",
      "integrity": "sha512-lBr47FYejXeqqytfX4OhG2BuxjvjoZwsBNMaGmuSjKoJUu77mIX2d3S0txVhN4s33TeBH16POpYiylDSOkQESg==",
      "requires": {
        "@types/node": "^20.8.7"
      }
    },
    "typescript": {
      "version": "5.2.2",
      "resolved": "https://registry.npmjs.org/typescript/-/typescript-5.2.2.tgz",
      "integrity": "sha512-mI4WrpHsbCIcwT9cF4FZvr80QUeKvsUsUvKDoR+X/7XHQH98xYD8YHZg7ANtz2GtZt/CBq2QJ0thkGJMHfqc1w==",
      "dev": true
    },
    "undici-types": {
      "version": "5.25.3",
      "resolved": "https://registry.npmjs.org/undici-types/-/undici-types-5.25.3.tgz",
      "integrity": "sha512-Ga1jfYwRn7+cP9v8auvEXN1rX3sWqlayd4HP7OKk4mZWylEmu3KzXDUGrQUN6Ol7qo1gPvB2e5gX6udnyEPgdA=="
    }
  }
}
